
Microsoft Visual Studio Solution File, Format Version 12.00
# Visual Studio Version 17
VisualStudioVersion = 17.4.33205.214
MinimumVisualStudioVersion = 10.0.40219.1
Project("{9A19103F-16F7-4668-BE54-9A1E7A4F7556}") = "RunGroupWebApp", "RunGroupWebApp.csproj", "{1948A58F-41A7-47AF-AD89-AB569EA80CB4}"
EndProject
Project("{E53339B2-1760-4266-BCC7-CA923CBCF16C}") = "docker-compose", "docker-compose.dcproj", "{7937F29D-D8D3-41A9-A4F6-92571423E8B6}"
EndProject
Global
	GlobalSection(SolutionConfigurationPlatforms) = preSolution
		Debug|Any CPU = Debug|Any CPU
		Release|Any CPU = Release|Any CPU
	EndGlobalSection
	GlobalSection(ProjectConfigurationPlatforms) = postSolution
		{1948A58F-41A7-47AF-AD89-AB569EA80CB4}.Debug|Any CPU.ActiveCfg = Debug|Any CPU
		{1948A58F-41A7-47AF-AD89-AB569EA80CB4}.Debug|Any CPU.Build.0 = Debug|Any CPU
		{1948A58F-41A7-47AF-AD89-AB569EA80CB4}.Release|Any CPU.ActiveCfg = Release|Any CPU
		{1948A58F-41A7-47AF-AD89-AB569EA80CB4}.Release|Any CPU.Build.0 = Release|Any CPU
		{7937F29D-D8D3-41A9-A4F6-92571423E8B6}.Debug|Any CPU.ActiveCfg = Debug|Any CPU
		{7937F29D-D8D3-41A9-A4F6-92571423E8B6}.Debug|Any CPU.Build.0 = Debug|Any CPU
		{7937F29D-D8D3-41A9-A4F6-92571423E8B6}.Release|Any CPU.ActiveCfg = Release|Any CPU
		{7937F29D-D8D3-41A9-A4F6-92571423E8B6}.Release|Any CPU.Build.0 = Release|Any CPU
	EndGlobalSection
	GlobalSection(SolutionProperties) = preSolution
		HideSolutionNode = FALSE
	EndGlobalSection
	GlobalSection(ExtensibilityGlobals) = postSolution
		SolutionGuid = {08F20419-CF74-4037-8EF6-ED791E4087E4}
	EndGlobalSection
EndGlobal
